
Microsoft Visual Studio Solution File, Format Version 12.00
Project("{FAE04EC0-301F-11D3-BF4B-00C04F79EFBC}") = "PubSubEmulatorExample", "PubSubEmulatorExample\PubSubEmulatorExample.csproj", "{A8845FBB-FF67-463E-A8BC-7759E0AC5499}"
EndProject
Global
	GlobalSection(SolutionConfigurationPlatforms) = preSolution
		Debug|Any CPU = Debug|Any CPU
		Release|Any CPU = Release|Any CPU
	EndGlobalSection
	GlobalSection(ProjectConfigurationPlatforms) = postSolution
		{A8845FBB-FF67-463E-A8BC-7759E0AC5499}.Debug|Any CPU.ActiveCfg = Debug|Any CPU
		{A8845FBB-FF67-463E-A8BC-7759E0AC5499}.Debug|Any CPU.Build.0 = Debug|Any CPU
		{A8845FBB-FF67-463E-A8BC-7759E0AC5499}.Release|Any CPU.ActiveCfg = Release|Any CPU
		{A8845FBB-FF67-463E-A8BC-7759E0AC5499}.Release|Any CPU.Build.0 = Release|Any CPU
	EndGlobalSection
EndGlobal
